// !$*UTF8*$!
{
	archiveVersion = 1;
	classes = {
	};
	objectVersion = 77;
	objects = {

/* Begin PBXContainerItemProxy section */
		31EDF0132FB28D2F00C5C9DB /* PBXContainerItemProxy */ = {
			isa = PBXContainerItemProxy;
			containerPortal = 31EDEFFD2FB28D2E00C5C9DB /* Project object */;
			proxyType = 1;
			remoteGlobalIDString = 31EDF0042FB28D2E00C5C9DB;
			remoteInfo = "Indoor Mapping";
		};
		31EDF01D2FB28D2F00C5C9DB /* PBXContainerItemProxy */ = {
			isa = PBXContainerItemProxy;
			containerPortal = 31EDEFFD2FB28D2E00C5C9DB /* Project object */;
			proxyType = 1;
			remoteGlobalIDString = 31EDF0042FB28D2E00C5C9DB;
			remoteInfo = "Indoor Mapping";
		};
/* End PBXContainerItemProxy section */

/* Begin PBXFileReference section */
		31EDF0052FB28D2E00C5C9DB /* Indoor Mapping.app */ = {isa = PBXFileReference; explicitFileType = wrapper.application; includeInIndex = 0; path = "Indoor Mapping.app"; sourceTree = BUILT_PRODUCTS_DIR; };
		31EDF0122FB28D2F00C5C9DB /* Indoor MappingTests.xctest */ = {isa = PBXFileReference; explicitFileType = wrapper.cfbundle; includeInIndex = 0; path = "Indoor MappingTests.xctest"; sourceTree = BUILT_PRODUCTS_DIR; };
		31EDF01C2FB28D2F00C5C9DB /* Indoor MappingUITests.xctest */ = {isa = PBXFileReference; explicitFileType = wrapper.cfbundle; includeInIndex = 0; path = "Indoor MappingUITests.xctest"; sourceTree = BUILT_PRODUCTS_DIR; };
/* End PBXFileReference section */

/* Begin PBXFileSystemSynchronizedRootGroup section */
		31EDF0072FB28D2E00C5C9DB /* Indoor Mapping */ = {
			isa = PBXFileSystemSynchronizedRootGroup;
			path = "Indoor Mapping";
			sourceTree = "<group>";
		};
		31EDF0152FB28D2F00C5C9DB /* Indoor MappingTests */ = {
			isa = PBXFileSystemSynchronizedRootGroup;
			path = "Indoor MappingTests";
			sourceTree = "<group>";
		};
		31EDF01F2FB28D2F00C5C9DB /* Indoor MappingUITests */ = {
			isa = PBXFileSystemSynchronizedRootGroup;
			path = "Indoor MappingUITests";
			sourceTree = "<group>";
		};
/* End PBXFileSystemSynchronizedRootGroup section */

/* Begin PBXFrameworksBuildPhase section */
		31EDF0022FB28D2E00C5C9DB /* Frameworks */ = {
			isa = PBXFrameworksBuildPhase;
			buildActionMask = 2147483647;
			files = (
			);
			runOnlyForDeploymentPostprocessing = 0;
		};
		31EDF00F2FB28D2F00C5C9DB /* Frameworks */ = {
			isa = PBXFrameworksBuildPhase;
			buildActionMask = 2147483647;
			files = (
			);
			runOnlyForDeploymentPostprocessing = 0;
		};
		31EDF0192FB28D2F00C5C9DB /* Frameworks */ = {
			isa = PBXFrameworksBuildPhase;
			buildActionMask = 2147483647;
			files = (
			);
			runOnlyForDeploymentPostprocessing = 0;
		};
/* End PBXFrameworksBuildPhase section */

/* Begin PBXGroup section */
		31EDEFFC2FB28D2E00C5C9DB = {
			isa = PBXGroup;
			children = (
				31EDF0072FB28D2E00C5C9DB /* Indoor Mapping */,
				31EDF0152FB28D2F00C5C9DB /* Indoor MappingTests */,
				31EDF01F2FB28D2F00C5C9DB /* Indoor MappingUITests */,
				31EDF0062FB28D2E00C5C9DB /* Products */,
			);
			sourceTree = "<group>";
		};
		31EDF0062FB28D2E00C5C9DB /* Products */ = {
			isa = PBXGroup;
			children = (
				31EDF0052FB28D2E00C5C9DB /* Indoor Mapping.app */,
				31EDF0122FB28D2F00C5C9DB /* Indoor MappingTests.xctest */,
				31EDF01C2FB28D2F00C5C9DB /* Indoor MappingUITests.xctest */,
			);
			name = Products;
			sourceTree = "<group>";
		};
/* End PBXGroup section */

/* Begin PBXNativeTarget section */
		31EDF0042FB28D2E00C5C9DB /* Indoor Mapping */ = {
			isa = PBXNativeTarget;
			buildConfigurationList = 31EDF0262FB28D2F00C5C9DB /* Build configuration list for PBXNativeTarget "Indoor Mapping" */;
			buildPhases = (
				31EDF0012FB28D2E00C5C9DB /* Sources */,
				31EDF0022FB28D2E00C5C9DB /* Frameworks */,
				31EDF0032FB28D2E00C5C9DB /* Resources */,
			);
			buildRules = (
			);
			dependencies = (
			);
			fileSystemSynchronizedGroups = (
				31EDF0072FB28D2E00C5C9DB /* Indoor Mapping */,
			);
			name = "Indoor Mapping";
			packageProductDependencies = (
			);
			productName = "Indoor Mapping";
			productReference = 31EDF0052FB28D2E00C5C9DB /* Indoor Mapping.app */;
			productType = "com.apple.product-type.application";
		};
		31EDF0112FB28D2F00C5C9DB /* Indoor MappingTests */ = {
			isa = PBXNativeTarget;
			buildConfigurationList = 31EDF0292FB28D2F00C5C9DB /* Build configuration list for PBXNativeTarget "Indoor MappingTests" */;
			buildPhases = (
				31EDF00E2FB28D2F00C5C9DB /* Sources */,
				31EDF00F2FB28D2F00C5C9DB /* Frameworks */,
				31EDF0102FB28D2F00C5C9DB /* Resources */,
			);
			buildRules = (
			);
			dependencies = (
				31EDF0142FB28D2F00C5C9DB /* PBXTargetDependency */,
			);
			fileSystemSynchronizedGroups = (
				31EDF0152FB28D2F00C5C9DB /* Indoor MappingTests */,
			);
			name = "Indoor MappingTests";
			packageProductDependencies = (
			);
			productName = "Indoor MappingTests";
			productReference = 31EDF0122FB28D2F00C5C9DB /* Indoor MappingTests.xctest */;
			productType = "com.apple.product-type.bundle.unit-test";
		};
		31EDF01B2FB28D2F00C5C9DB /* Indoor MappingUITests */ = {
			isa = PBXNativeTarget;
			buildConfigurationList = 31EDF02C2FB28D2F00C5C9DB /* Build configuration list for PBXNativeTarget "Indoor MappingUITests" */;
			buildPhases = (
				31EDF0182FB28D2F00C5C9DB /* Sources */,
				31EDF0192FB28D2F00C5C9DB /* Frameworks */,
				31EDF01A2FB28D2F00C5C9DB /* Resources */,
			);
			buildRules = (
			);
			dependencies = (
				31EDF01E2FB28D2F00C5C9DB /* PBXTargetDependency */,
			);
			fileSystemSynchronizedGroups = (
				31EDF01F2FB28D2F00C5C9DB /* Indoor MappingUITests */,
			);
			name = "Indoor MappingUITests";
			packageProductDependencies = (
			);
			productName = "Indoor MappingUITests";
			productReference = 31EDF01C2FB28D2F00C5C9DB /* Indoor MappingUITests.xctest */;
			productType = "com.apple.product-type.bundle.ui-testing";
		};
/* End PBXNativeTarget section */

/* Begin PBXProject section */
		31EDEFFD2FB28D2E00C5C9DB /* Project object */ = {
			isa = PBXProject;
			attributes = {
				BuildIndependentTargetsInParallel = 1;
				LastSwiftUpdateCheck = 2610;
				LastUpgradeCheck = 2610;
				TargetAttributes = {
					31EDF0042FB28D2E00C5C9DB = {
						CreatedOnToolsVersion = 26.1.1;
					};
					31EDF0112FB28D2F00C5C9DB = {
						CreatedOnToolsVersion = 26.1.1;
						TestTargetID = 31EDF0042FB28D2E00C5C9DB;
					};
					31EDF01B2FB28D2F00C5C9DB = {
						CreatedOnToolsVersion = 26.1.1;
						TestTargetID = 31EDF0042FB28D2E00C5C9DB;
					};
				};
			};
			buildConfigurationList = 31EDF0002FB28D2E00C5C9DB /* Build configuration list for PBXProject "Indoor Mapping" */;
			developmentRegion = en;
			hasScannedForEncodings = 0;
			knownRegions = (
				en,
				Base,
			);
			mainGroup = 31EDEFFC2FB28D2E00C5C9DB;
			minimizedProjectReferenceProxies = 1;
			preferredProjectObjectVersion = 77;
			productRefGroup = 31EDF0062FB28D2E00C5C9DB /* Products */;
			projectDirPath = "";
			projectRoot = "";
			targets = (
				31EDF0042FB28D2E00C5C9DB /* Indoor Mapping */,
				31EDF0112FB28D2F00C5C9DB /* Indoor MappingTests */,
				31EDF01B2FB28D2F00C5C9DB /* Indoor MappingUITests */,
			);
		};
/* End PBXProject section */

/* Begin PBXResourcesBuildPhase section */
		31EDF0032FB28D2E00C5C9DB /* Resources */ = {
			isa = PBXResourcesBuildPhase;
			buildActionMask = 2147483647;
			files = (
			);
			runOnlyForDeploymentPostprocessing = 0;
		};
		31EDF0102FB28D2F00C5C9DB /* Resources */ = {
			isa = PBXResourcesBuildPhase;
			buildActionMask = 2147483647;
			files = (
			);
			runOnlyForDeploymentPostprocessing = 0;
		};
		31EDF01A2FB28D2F00C5C9DB /* Resources */ = {
			isa = PBXResourcesBuildPhase;
			buildActionMask = 2147483647;
			files = (
			);
			runOnlyForDeploymentPostprocessing = 0;
		};
/* End PBXResourcesBuildPhase section */

/* Begin PBXSourcesBuildPhase section */
		31EDF0012FB28D2E00C5C9DB /* Sources */ = {
			isa = PBXSourcesBuildPhase;
			buildActionMask = 2147483647;
			files = (
			);
			runOnlyForDeploymentPostprocessing = 0;
		};
		31EDF00E2FB28D2F00C5C9DB /* Sources */ = {
			isa = PBXSourcesBuildPhase;
			buildActionMask = 2147483647;
			files = (
			);
			runOnlyForDeploymentPostprocessing = 0;
		};
		31EDF0182FB28D2F00C5C9DB /* Sources */ = {
			isa = PBXSourcesBuildPhase;
			buildActionMask = 2147483647;
			files = (
			);
			runOnlyForDeploymentPostprocessing = 0;
		};
/* End PBXSourcesBuildPhase section */

/* Begin PBXTargetDependency section */
		31EDF0142FB28D2F00C5C9DB /* PBXTargetDependency */ = {
			isa = PBXTargetDependency;
			target = 31EDF0042FB28D2E00C5C9DB /* Indoor Mapping */;
			targetProxy = 31EDF0132FB28D2F00C5C9DB /* PBXContainerItemProxy */;
		};
		31EDF01E2FB28D2F00C5C9DB /* PBXTargetDependency */ = {
			isa = PBXTargetDependency;
			target = 31EDF0042FB28D2E00C5C9DB /* Indoor Mapping */;
			targetProxy = 31EDF01D2FB28D2F00C5C9DB /* PBXContainerItemProxy */;
		};
/* End PBXTargetDependency section */

/* Begin XCBuildConfiguration section */
		31EDF0242FB28D2F00C5C9DB /* Debug */ = {
			isa = XCBuildConfiguration;
			buildSettings = {
				ALWAYS_SEARCH_USER_PATHS = NO;
				ASSETCATALOG_COMPILER_GENERATE_SWIFT_ASSET_SYMBOL_EXTENSIONS = YES;
				CLANG_ANALYZER_NONNULL = YES;
				CLANG_ANALYZER_NUMBER_OBJECT_CONVERSION = YES_AGGRESSIVE;
				CLANG_CXX_LANGUAGE_STANDARD = "gnu++20";
				CLANG_ENABLE_MODULES = YES;
				CLANG_ENABLE_OBJC_ARC = YES;
				CLANG_ENABLE_OBJC_WEAK = YES;
				CLANG_WARN_BLOCK_CAPTURE_AUTORELEASING = YES;
				CLANG_WARN_BOOL_CONVERSION = YES;
				CLANG_WARN_COMMA = YES;
				CLANG_WARN_CONSTANT_CONVERSION = YES;
				CLANG_WARN_DEPRECATED_OBJC_IMPLEMENTATIONS = YES;
				CLANG_WARN_DIRECT_OBJC_ISA_USAGE = YES_ERROR;
				CLANG_WARN_DOCUMENTATION_COMMENTS = YES;
				CLANG_WARN_EMPTY_BODY = YES;
				CLANG_WARN_ENUM_CONVERSION = YES;
				CLANG_WARN_INFINITE_RECURSION = YES;
				CLANG_WARN_INT_CONVERSION = YES;
				CLANG_WARN_NON_LITERAL_NULL_CONVERSION = YES;
				CLANG_WARN_OBJC_IMPLICIT_RETAIN_SELF = YES;
				CLANG_WARN_OBJC_LITERAL_CONVERSION = YES;
				CLANG_WARN_OBJC_ROOT_CLASS = YES_ERROR;
				CLANG_WARN_QUOTED_INCLUDE_IN_FRAMEWORK_HEADER = YES;
				CLANG_WARN_RANGE_LOOP_ANALYSIS = YES;
				CLANG_WARN_STRICT_PROTOTYPES = YES;
				CLANG_WARN_SUSPICIOUS_MOVE = YES;
				CLANG_WARN_UNGUARDED_AVAILABILITY = YES_AGGRESSIVE;
				CLANG_WARN_UNREACHABLE_CODE = YES;
				CLANG_WARN__DUPLICATE_METHOD_MATCH = YES;
				COPY_PHASE_STRIP = NO;
				DEBUG_INFORMATION_FORMAT = dwarf;
				DEVELOPMENT_TEAM = 8A3Z824TH3;
				ENABLE_STRICT_OBJC_MSGSEND = YES;
				ENABLE_TESTABILITY = YES;
				ENABLE_USER_SCRIPT_SANDBOXING = YES;
				GCC_C_LANGUAGE_STANDARD = gnu17;
				GCC_DYNAMIC_NO_PIC = NO;
				GCC_NO_COMMON_BLOCKS = YES;
				GCC_OPTIMIZATION_LEVEL = 0;
				GCC_PREPROCESSOR_DEFINITIONS = (
					"DEBUG=1",
					"$(inherited)",
				);
				GCC_WARN_64_TO_32_BIT_CONVERSION = YES;
				GCC_WARN_ABOUT_RETURN_TYPE = YES_ERROR;
				GCC_WARN_UNDECLARED_SELECTOR = YES;
				GCC_WARN_UNINITIALIZED_AUTOS = YES_AGGRESSIVE;
				GCC_WARN_UNUSED_FUNCTION = YES;
				GCC_WARN_UNUSED_VARIABLE = YES;
				IPHONEOS_DEPLOYMENT_TARGET = 26.1;
				LOCALIZATION_PREFERS_STRING_CATALOGS = YES;
				MTL_ENABLE_DEBUG_INFO = INCLUDE_SOURCE;
				MTL_FAST_MATH = YES;
				ONLY_ACTIVE_ARCH = YES;
				SDKROOT = iphoneos;
				SWIFT_ACTIVE_COMPILATION_CONDITIONS = "DEBUG $(inherited)";
				SWIFT_OPTIMIZATION_LEVEL = "-Onone";
			};
			name = Debug;
		};
		31EDF0252FB28D2F00C5C9DB /* Release */ = {
			isa = XCBuildConfiguration;
			buildSettings = {
				ALWAYS_SEARCH_USER_PATHS = NO;
				ASSETCATALOG_COMPILER_GENERATE_SWIFT_ASSET_SYMBOL_EXTENSIONS = YES;
				CLANG_ANALYZER_NONNULL = YES;
				CLANG_ANALYZER_NUMBER_OBJECT_CONVERSION = YES_AGGRESSIVE;
				CLANG_CXX_LANGUAGE_STANDARD = "gnu++20";
				CLANG_ENABLE_MODULES = YES;
				CLANG_ENABLE_OBJC_ARC = YES;
				CLANG_ENABLE_OBJC_WEAK = YES;
				CLANG_WARN_BLOCK_CAPTURE_AUTORELEASING = YES;
				CLANG_WARN_BOOL_CONVERSION = YES;
				CLANG_WARN_COMMA = YES;
				CLANG_WARN_CONSTANT_CONVERSION = YES;
				CLANG_WARN_DEPRECATED_OBJC_IMPLEMENTATIONS = YES;
				CLANG_WARN_DIRECT_OBJC_ISA_USAGE = YES_ERROR;
				CLANG_WARN_DOCUMENTATION_COMMENTS = YES;
				CLANG_WARN_EMPTY_BODY = YES;
				CLANG_WARN_ENUM_CONVERSION = YES;
				CLANG_WARN_INFINITE_RECURSION = YES;
				CLANG_WARN_INT_CONVERSION = YES;
				CLANG_WARN_NON_LITERAL_NULL_CONVERSION = YES;
				CLANG_WARN_OBJC_IMPLICIT_RETAIN_SELF = YES;
				CLANG_WARN_OBJC_LITERAL_CONVERSION = YES;
				CLANG_WARN_OBJC_ROOT_CLASS = YES_ERROR;
				CLANG_WARN_QUOTED_INCLUDE_IN_FRAMEWORK_HEADER = YES;
				CLANG_WARN_RANGE_LOOP_ANALYSIS = YES;
				CLANG_WARN_STRICT_PROTOTYPES = YES;
				CLANG_WARN_SUSPICIOUS_MOVE = YES;
				CLANG_WARN_UNGUARDED_AVAILABILITY = YES_AGGRESSIVE;
				CLANG_WARN_UNREACHABLE_CODE = YES;
				CLANG_WARN__DUPLICATE_METHOD_MATCH = YES;
				COPY_PHASE_STRIP = NO;
				DEBUG_INFORMATION_FORMAT = "dwarf-with-dsym";
				DEVELOPMENT_TEAM = 8A3Z824TH3;
				ENABLE_NS_ASSERTIONS = NO;
				ENABLE_STRICT_OBJC_MSGSEND = YES;
				ENABLE_USER_SCRIPT_SANDBOXING = YES;
				GCC_C_LANGUAGE_STANDARD = gnu17;
				GCC_NO_COMMON_BLOCKS = YES;
				GCC_WARN_64_TO_32_BIT_CONVERSION = YES;
				GCC_WARN_ABOUT_RETURN_TYPE = YES_ERROR;
				GCC_WARN_UNDECLARED_SELECTOR = YES;
				GCC_WARN_UNINITIALIZED_AUTOS = YES_AGGRESSIVE;
				GCC_WARN_UNUSED_FUNCTION = YES;
				GCC_WARN_UNUSED_VARIABLE = YES;
				IPHONEOS_DEPLOYMENT_TARGET = 26.1;
				LOCALIZATION_PREFERS_STRING_CATALOGS = YES;
				MTL_ENABLE_DEBUG_INFO = NO;
				MTL_FAST_MATH = YES;
				SDKROOT = iphoneos;
				SWIFT_COMPILATION_MODE = wholemodule;
				VALIDATE_PRODUCT = YES;
			};
			name = Release;
		};
		31EDF0272FB28D2F00C5C9DB /* Debug */ = {
			isa = XCBuildConfiguration;
			buildSettings = {
				ASSETCATALOG_COMPILER_APPICON_NAME = AppIcon;
				ASSETCATALOG_COMPILER_GLOBAL_ACCENT_COLOR_NAME = AccentColor;
				CODE_SIGN_STYLE = Automatic;
				CURRENT_PROJECT_VERSION = 1;
				DEVELOPMENT_TEAM = 8A3Z824TH3;
				ENABLE_PREVIEWS = YES;
				GENERATE_INFOPLIST_FILE = YES;
				INFOPLIST_KEY_NSLocationWhenInUseUsageDescription = "We need your location to show where you are on the indoor map.";
				INFOPLIST_KEY_UIApplicationSceneManifest_Generation = YES;
				INFOPLIST_KEY_UIApplicationSupportsIndirectInputEvents = YES;
				INFOPLIST_KEY_UILaunchScreen_Generation = YES;
				INFOPLIST_KEY_UISupportedInterfaceOrientations_iPad = "UIInterfaceOrientationPortrait UIInterfaceOrientationPortraitUpsideDown UIInterfaceOrientationLandscapeLeft UIInterfaceOrientationLandscapeRight";
				INFOPLIST_KEY_UISupportedInterfaceOrientations_iPhone = "UIInterfaceOrientationPortrait UIInterfaceOrientationLandscapeLeft UIInterfaceOrientationLandscapeRight";
				LD_RUNPATH_SEARCH_PATHS = (
					"$(inherited)",
					"@executable_path/Frameworks",
				);
				MARKETING_VERSION = 1.0;
				PRODUCT_BUNDLE_IDENTIFIER = "Owais.Indoor-Mapping";
				PRODUCT_NAME = "$(TARGET_NAME)";
				STRING_CATALOG_GENERATE_SYMBOLS = YES;
				SWIFT_APPROACHABLE_CONCURRENCY = YES;
				SWIFT_DEFAULT_ACTOR_ISOLATION = MainActor;
				SWIFT_EMIT_LOC_STRINGS = YES;
				SWIFT_UPCOMING_FEATURE_MEMBER_IMPORT_VISIBILITY = YES;
				SWIFT_VERSION = 5.0;
				TARGETED_DEVICE_FAMILY = "1,2";
			};
			name = Debug;
		};
		31EDF0282FB28D2F00C5C9DB /* Release */ = {
			isa = XCBuildConfiguration;
			buildSettings = {
				ASSETCATALOG_COMPILER_APPICON_NAME = AppIcon;
				ASSETCATALOG_COMPILER_GLOBAL_ACCENT_COLOR_NAME = AccentColor;
				CODE_SIGN_STYLE = Automatic;
				CURRENT_PROJECT_VERSION = 1;
				DEVELOPMENT_TEAM = 8A3Z824TH3;
				ENABLE_PREVIEWS = YES;
				GENERATE_INFOPLIST_FILE = YES;
				INFOPLIST_KEY_NSLocationWhenInUseUsageDescription = "We need your location to show where you are on the indoor map.";
				INFOPLIST_KEY_UIApplicationSceneManifest_Generation = YES;
				INFOPLIST_KEY_UIApplicationSupportsIndirectInputEvents = YES;
				INFOPLIST_KEY_UILaunchScreen_Generation = YES;
				INFOPLIST_KEY_UISupportedInterfaceOrientations_iPad = "UIInterfaceOrientationPortrait UIInterfaceOrientationPortraitUpsideDown UIInterfaceOrientationLandscapeLeft UIInterfaceOrientationLandscapeRight";
				INFOPLIST_KEY_UISupportedInterfaceOrientations_iPhone = "UIInterfaceOrientationPortrait UIInterfaceOrientationLandscapeLeft UIInterfaceOrientationLandscapeRight";
				LD_RUNPATH_SEARCH_PATHS = (
					"$(inherited)",
					"@executable_path/Frameworks",
				);
				MARKETING_VERSION = 1.0;
				PRODUCT_BUNDLE_IDENTIFIER = "Owais.Indoor-Mapping";
				PRODUCT_NAME = "$(TARGET_NAME)";
				STRING_CATALOG_GENERATE_SYMBOLS = YES;
				SWIFT_APPROACHABLE_CONCURRENCY = YES;
				SWIFT_DEFAULT_ACTOR_ISOLATION = MainActor;
				SWIFT_EMIT_LOC_STRINGS = YES;
				SWIFT_UPCOMING_FEATURE_MEMBER_IMPORT_VISIBILITY = YES;
				SWIFT_VERSION = 5.0;
				TARGETED_DEVICE_FAMILY = "1,2";
			};
			name = Release;
		};
		31EDF02A2FB28D2F00C5C9DB /* Debug */ = {
			isa = XCBuildConfiguration;
			buildSettings = {
				BUNDLE_LOADER = "$(TEST_HOST)";
				CODE_SIGN_STYLE = Automatic;
				CURRENT_PROJECT_VERSION = 1;
				DEVELOPMENT_TEAM = 8A3Z824TH3;
				GENERATE_INFOPLIST_FILE = YES;
				IPHONEOS_DEPLOYMENT_TARGET = 26.1;
				MARKETING_VERSION = 1.0;
				PRODUCT_BUNDLE_IDENTIFIER = "Owais.Indoor-MappingTests";
				PRODUCT_NAME = "$(TARGET_NAME)";
				STRING_CATALOG_GENERATE_SYMBOLS = NO;
				SWIFT_APPROACHABLE_CONCURRENCY = YES;
				SWIFT_EMIT_LOC_STRINGS = NO;
				SWIFT_UPCOMING_FEATURE_MEMBER_IMPORT_VISIBILITY = YES;
				SWIFT_VERSION = 5.0;
				TARGETED_DEVICE_FAMILY = "1,2";
				TEST_HOST = "$(BUILT_PRODUCTS_DIR)/Indoor Mapping.app/$(BUNDLE_EXECUTABLE_FOLDER_PATH)/Indoor Mapping";
			};
			name = Debug;
		};
		31EDF02B2FB28D2F00C5C9DB /* Release */ = {
			isa = XCBuildConfiguration;
			buildSettings = {
				BUNDLE_LOADER = "$(TEST_HOST)";
				CODE_SIGN_STYLE = Automatic;
				CURRENT_PROJECT_VERSION = 1;
				DEVELOPMENT_TEAM = 8A3Z824TH3;
				GENERATE_INFOPLIST_FILE = YES;
				IPHONEOS_DEPLOYMENT_TARGET = 26.1;
				MARKETING_VERSION = 1.0;
				PRODUCT_BUNDLE_IDENTIFIER = "Owais.Indoor-MappingTests";
				PRODUCT_NAME = "$(TARGET_NAME)";
				STRING_CATALOG_GENERATE_SYMBOLS = NO;
				SWIFT_APPROACHABLE_CONCURRENCY = YES;
				SWIFT_EMIT_LOC_STRINGS = NO;
				SWIFT_UPCOMING_FEATURE_MEMBER_IMPORT_VISIBILITY = YES;
				SWIFT_VERSION = 5.0;
				TARGETED_DEVICE_FAMILY = "1,2";
				TEST_HOST = "$(BUILT_PRODUCTS_DIR)/Indoor Mapping.app/$(BUNDLE_EXECUTABLE_FOLDER_PATH)/Indoor Mapping";
			};
			name = Release;
		};
		31EDF02D2FB28D2F00C5C9DB /* Debug */ = {
			isa = XCBuildConfiguration;
			buildSettings = {
				CODE_SIGN_STYLE = Automatic;
				CURRENT_PROJECT_VERSION = 1;
				DEVELOPMENT_TEAM = 8A3Z824TH3;
				GENERATE_INFOPLIST_FILE = YES;
				MARKETING_VERSION = 1.0;
				PRODUCT_BUNDLE_IDENTIFIER = "Owais.Indoor-MappingUITests";
				PRODUCT_NAME = "$(TARGET_NAME)";
				STRING_CATALOG_GENERATE_SYMBOLS = NO;
				SWIFT_APPROACHABLE_CONCURRENCY = YES;
				SWIFT_EMIT_LOC_STRINGS = NO;
				SWIFT_UPCOMING_FEATURE_MEMBER_IMPORT_VISIBILITY = YES;
				SWIFT_VERSION = 5.0;
				TARGETED_DEVICE_FAMILY = "1,2";
				TEST_TARGET_NAME = "Indoor Mapping";
			};
			name = Debug;
		};
		31EDF02E2FB28D2F00C5C9DB /* Release */ = {
			isa = XCBuildConfiguration;
			buildSettings = {
				CODE_SIGN_STYLE = Automatic;
				CURRENT_PROJECT_VERSION = 1;
				DEVELOPMENT_TEAM = 8A3Z824TH3;
				GENERATE_INFOPLIST_FILE = YES;
				MARKETING_VERSION = 1.0;
				PRODUCT_BUNDLE_IDENTIFIER = "Owais.Indoor-MappingUITests";
				PRODUCT_NAME = "$(TARGET_NAME)";
				STRING_CATALOG_GENERATE_SYMBOLS = NO;
				SWIFT_APPROACHABLE_CONCURRENCY = YES;
				SWIFT_EMIT_LOC_STRINGS = NO;
				SWIFT_UPCOMING_FEATURE_MEMBER_IMPORT_VISIBILITY = YES;
				SWIFT_VERSION = 5.0;
				TARGETED_DEVICE_FAMILY = "1,2";
				TEST_TARGET_NAME = "Indoor Mapping";
			};
			name = Release;
		};
/* End XCBuildConfiguration section */

/* Begin XCConfigurationList section */
		31EDF0002FB28D2E00C5C9DB /* Build configuration list for PBXProject "Indoor Mapping" */ = {
			isa = XCConfigurationList;
			buildConfigurations = (
				31EDF0242FB28D2F00C5C9DB /* Debug */,
				31EDF0252FB28D2F00C5C9DB /* Release */,
			);
			defaultConfigurationIsVisible = 0;
			defaultConfigurationName = Release;
		};
		31EDF0262FB28D2F00C5C9DB /* Build configuration list for PBXNativeTarget "Indoor Mapping" */ = {
			isa = XCConfigurationList;
			buildConfigurations = (
				31EDF0272FB28D2F00C5C9DB /* Debug */,
				31EDF0282FB28D2F00C5C9DB /* Release */,
			);
			defaultConfigurationIsVisible = 0;
			defaultConfigurationName = Release;
		};
		31EDF0292FB28D2F00C5C9DB /* Build configuration list for PBXNativeTarget "Indoor MappingTests" */ = {
			isa = XCConfigurationList;
			buildConfigurations = (
				31EDF02A2FB28D2F00C5C9DB /* Debug */,
				31EDF02B2FB28D2F00C5C9DB /* Release */,
			);
			defaultConfigurationIsVisible = 0;
			defaultConfigurationName = Release;
		};
		31EDF02C2FB28D2F00C5C9DB /* Build configuration list for PBXNativeTarget "Indoor MappingUITests" */ = {
			isa = XCConfigurationList;
			buildConfigurations = (
				31EDF02D2FB28D2F00C5C9DB /* Debug */,
				31EDF02E2FB28D2F00C5C9DB /* Release */,
			);
			defaultConfigurationIsVisible = 0;
			defaultConfigurationName = Release;
		};
/* End XCConfigurationList section */
	};
	rootObject = 31EDEFFD2FB28D2E00C5C9DB /* Project object */;
}
